
Microsoft Visual Studio Solution File, Format Version 12.00
# Visual Studio Version 17
VisualStudioVersion = 17.2.32526.322
MinimumVisualStudioVersion = 10.0.40219.1
Project("{FAE04EC0-301F-11D3-BF4B-00C04F79EFBC}") = "PII_2022_II_L2_202013000533", "PII_2022_II_L2_202013000533\PII_2022_II_L2_202013000533.csproj", "{7D936A0F-AF0F-451C-8191-E8C34D1AC046}"
EndProject
Global
	GlobalSection(SolutionConfigurationPlatforms) = preSolution
		Debug|Any CPU = Debug|Any CPU
		Release|Any CPU = Release|Any CPU
	EndGlobalSection
	GlobalSection(ProjectConfigurationPlatforms) = postSolution
		{7D936A0F-AF0F-451C-8191-E8C34D1AC046}.Debug|Any CPU.ActiveCfg = Debug|Any CPU
		{7D936A0F-AF0F-451C-8191-E8C34D1AC046}.Debug|Any CPU.Build.0 = Debug|Any CPU
		{7D936A0F-AF0F-451C-8191-E8C34D1AC046}.Release|Any CPU.ActiveCfg = Release|Any CPU
		{7D936A0F-AF0F-451C-8191-E8C34D1AC046}.Release|Any CPU.Build.0 = Release|Any CPU
	EndGlobalSection
	GlobalSection(SolutionProperties) = preSolution
		HideSolutionNode = FALSE
	EndGlobalSection
	GlobalSection(ExtensibilityGlobals) = postSolution
		SolutionGuid = {8F45397D-8D5B-4567-869E-9EE28FCC79B5}
	EndGlobalSection
EndGlobal
